Microsoft Visual Studio Solution File, Format Version 8.00
Project("{8BC9CEB8-8B4A-11D0-8D11-00A0C91BC942}") = "proj06", "proj06.vcproj", "{BDFCFFF8-EFC9-47EA-A27A-D48C7032D1A8}"
	ProjectSection(ProjectDependencies) = postProject
	EndProjectSection
EndProject
Global
	GlobalSection(SolutionConfiguration) = preSolution
		Debug = Debug
		Release = Release
	EndGlobalSection
	GlobalSection(ProjectConfiguration) = postSolution
		{BDFCFFF8-EFC9-47EA-A27A-D48C7032D1A8}.Debug.ActiveCfg = Debug|Win32
		{BDFCFFF8-EFC9-47EA-A27A-D48C7032D1A8}.Debug.Build.0 = Debug|Win32
		{BDFCFFF8-EFC9-47EA-A27A-D48C7032D1A8}.Release.ActiveCfg = Release|Win32
		{BDFCFFF8-EFC9-47EA-A27A-D48C7032D1A8}.Release.Build.0 = Release|Win32
	EndGlobalSection
	GlobalSection(ExtensibilityGlobals) = postSolution
	EndGlobalSection
	GlobalSection(ExtensibilityAddIns) = postSolution
	EndGlobalSection
EndGlobal
